
Microsoft Visual Studio Solution File, Format Version 12.00
# Visual Studio 15
VisualStudioVersion = 15.0.28010.2046
MinimumVisualStudioVersion = 10.0.40219.1
Project("{9A19103F-16F7-4668-BE54-9A1E7A4F7556}") = "PnET-Succession", "PnET-Succession.csproj", "{EC0BE632-01D9-472E-A6FD-A4949FDC09F2}"
EndProject
Global
	GlobalSection(SolutionConfigurationPlatforms) = preSolution
		Debug|Any CPU = Debug|Any CPU
		Release|Any CPU = Release|Any CPU
	EndGlobalSection
	GlobalSection(ProjectConfigurationPlatforms) = postSolution
		{EC0BE632-01D9-472E-A6FD-A4949FDC09F2}.Debug|Any CPU.ActiveCfg = Debug|Any CPU
		{EC0BE632-01D9-472E-A6FD-A4949FDC09F2}.Debug|Any CPU.Build.0 = Debug|Any CPU
		{EC0BE632-01D9-472E-A6FD-A4949FDC09F2}.Release|Any CPU.ActiveCfg = Release|Any CPU
		{EC0BE632-01D9-472E-A6FD-A4949FDC09F2}.Release|Any CPU.Build.0 = Release|Any CPU
	EndGlobalSection
	GlobalSection(SolutionProperties) = preSolution
		HideSolutionNode = FALSE
	EndGlobalSection
	GlobalSection(ExtensibilityGlobals) = postSolution
		SolutionGuid = {0BEC7C75-54C9-4591-9F4C-85B6E60F49A0}
	EndGlobalSection
EndGlobal
