
Microsoft Visual Studio Solution File, Format Version 12.00
# Visual Studio 15
VisualStudioVersion = 15.0.28010.2036
MinimumVisualStudioVersion = 10.0.40219.1
Project("{9A19103F-16F7-4668-BE54-9A1E7A4F7556}") = "PnET-Succession-Density", "PnET-Succession-Density.csproj", "{7CF1A338-ED25-4052-8A33-C05FD09B3C68}"
EndProject
Project("{9A19103F-16F7-4668-BE54-9A1E7A4F7556}") = "library-succession", "..\..\Library-Succession\src\library-succession.csproj", "{E6B20412-579E-4ED7-9209-AF143F1557C8}"
EndProject
Project("{9A19103F-16F7-4668-BE54-9A1E7A4F7556}") = "biomass-cohort", "..\..\Library-Biomass-Cohort\src\biomass-cohort.csproj", "{9C88B336-DA6C-46F4-B39B-E1F1B63A03F8}"
EndProject
Project("{9A19103F-16F7-4668-BE54-9A1E7A4F7556}") = "Console-Debug", "..\..\brmiranda\Core-Model-v7\Tool-Console\src\Console-Debug.csproj", "{8D4FD028-D267-45D4-AFCA-A40C58F3D878}"
EndProject
Project("{9A19103F-16F7-4668-BE54-9A1E7A4F7556}") = "Extension_Admin", "..\..\brmiranda\Core-Model-v7\Tool-Extension-Admin\src\Extension_Admin.csproj", "{598B7B71-C19F-48DF-A391-1EAA0E6CA68F}"
EndProject
Project("{9A19103F-16F7-4668-BE54-9A1E7A4F7556}") = "Seed Dispersal", "..\..\brmiranda\Seed Dispersal\Seed Dispersal\Seed Dispersal.csproj", "{8F102BE4-A7C9-47A6-AB1E-E1810BCBBAF1}"
EndProject
Global
	GlobalSection(SolutionConfigurationPlatforms) = preSolution
		Debug|Any CPU = Debug|Any CPU
		Debug|x64 = Debug|x64
		Release|Any CPU = Release|Any CPU
		Release|x64 = Release|x64
	EndGlobalSection
	GlobalSection(ProjectConfigurationPlatforms) = postSolution
		{7CF1A338-ED25-4052-8A33-C05FD09B3C68}.Debug|Any CPU.ActiveCfg = Debug|Any CPU
		{7CF1A338-ED25-4052-8A33-C05FD09B3C68}.Debug|Any CPU.Build.0 = Debug|Any CPU
		{7CF1A338-ED25-4052-8A33-C05FD09B3C68}.Debug|x64.ActiveCfg = Debug|Any CPU
		{7CF1A338-ED25-4052-8A33-C05FD09B3C68}.Debug|x64.Build.0 = Debug|Any CPU
		{7CF1A338-ED25-4052-8A33-C05FD09B3C68}.Release|Any CPU.ActiveCfg = Release|Any CPU
		{7CF1A338-ED25-4052-8A33-C05FD09B3C68}.Release|Any CPU.Build.0 = Release|Any CPU
		{7CF1A338-ED25-4052-8A33-C05FD09B3C68}.Release|x64.ActiveCfg = Release|Any CPU
		{7CF1A338-ED25-4052-8A33-C05FD09B3C68}.Release|x64.Build.0 = Release|Any CPU
		{E6B20412-579E-4ED7-9209-AF143F1557C8}.Debug|Any CPU.ActiveCfg = Debug|Any CPU
		{E6B20412-579E-4ED7-9209-AF143F1557C8}.Debug|Any CPU.Build.0 = Debug|Any CPU
		{E6B20412-579E-4ED7-9209-AF143F1557C8}.Debug|x64.ActiveCfg = Debug|Any CPU
		{E6B20412-579E-4ED7-9209-AF143F1557C8}.Debug|x64.Build.0 = Debug|Any CPU
		{E6B20412-579E-4ED7-9209-AF143F1557C8}.Release|Any CPU.ActiveCfg = Release|Any CPU
		{E6B20412-579E-4ED7-9209-AF143F1557C8}.Release|Any CPU.Build.0 = Release|Any CPU
		{E6B20412-579E-4ED7-9209-AF143F1557C8}.Release|x64.ActiveCfg = Release|Any CPU
		{E6B20412-579E-4ED7-9209-AF143F1557C8}.Release|x64.Build.0 = Release|Any CPU
		{9C88B336-DA6C-46F4-B39B-E1F1B63A03F8}.Debug|Any CPU.ActiveCfg = Debug|Any CPU
		{9C88B336-DA6C-46F4-B39B-E1F1B63A03F8}.Debug|Any CPU.Build.0 = Debug|Any CPU
		{9C88B336-DA6C-46F4-B39B-E1F1B63A03F8}.Debug|x64.ActiveCfg = Debug|Any CPU
		{9C88B336-DA6C-46F4-B39B-E1F1B63A03F8}.Debug|x64.Build.0 = Debug|Any CPU
		{9C88B336-DA6C-46F4-B39B-E1F1B63A03F8}.Release|Any CPU.ActiveCfg = Release|Any CPU
		{9C88B336-DA6C-46F4-B39B-E1F1B63A03F8}.Release|Any CPU.Build.0 = Release|Any CPU
		{9C88B336-DA6C-46F4-B39B-E1F1B63A03F8}.Release|x64.ActiveCfg = Release|Any CPU
		{9C88B336-DA6C-46F4-B39B-E1F1B63A03F8}.Release|x64.Build.0 = Release|Any CPU
		{8D4FD028-D267-45D4-AFCA-A40C58F3D878}.Debug|Any CPU.ActiveCfg = Debug|Any CPU
		{8D4FD028-D267-45D4-AFCA-A40C58F3D878}.Debug|Any CPU.Build.0 = Debug|Any CPU
		{8D4FD028-D267-45D4-AFCA-A40C58F3D878}.Debug|x64.ActiveCfg = Debug|x64
		{8D4FD028-D267-45D4-AFCA-A40C58F3D878}.Debug|x64.Build.0 = Debug|x64
		{8D4FD028-D267-45D4-AFCA-A40C58F3D878}.Release|Any CPU.ActiveCfg = Release|Any CPU
		{8D4FD028-D267-45D4-AFCA-A40C58F3D878}.Release|Any CPU.Build.0 = Release|Any CPU
		{8D4FD028-D267-45D4-AFCA-A40C58F3D878}.Release|x64.ActiveCfg = Release|x64
		{8D4FD028-D267-45D4-AFCA-A40C58F3D878}.Release|x64.Build.0 = Release|x64
		{598B7B71-C19F-48DF-A391-1EAA0E6CA68F}.Debug|Any CPU.ActiveCfg = Debug|Any CPU
		{598B7B71-C19F-48DF-A391-1EAA0E6CA68F}.Debug|Any CPU.Build.0 = Debug|Any CPU
		{598B7B71-C19F-48DF-A391-1EAA0E6CA68F}.Debug|x64.ActiveCfg = Debug|x64
		{598B7B71-C19F-48DF-A391-1EAA0E6CA68F}.Debug|x64.Build.0 = Debug|x64
		{598B7B71-C19F-48DF-A391-1EAA0E6CA68F}.Release|Any CPU.ActiveCfg = Release|Any CPU
		{598B7B71-C19F-48DF-A391-1EAA0E6CA68F}.Release|Any CPU.Build.0 = Release|Any CPU
		{598B7B71-C19F-48DF-A391-1EAA0E6CA68F}.Release|x64.ActiveCfg = Release|x64
		{598B7B71-C19F-48DF-A391-1EAA0E6CA68F}.Release|x64.Build.0 = Release|x64
		{8F102BE4-A7C9-47A6-AB1E-E1810BCBBAF1}.Debug|Any CPU.ActiveCfg = Debug|Any CPU
		{8F102BE4-A7C9-47A6-AB1E-E1810BCBBAF1}.Debug|Any CPU.Build.0 = Debug|Any CPU
		{8F102BE4-A7C9-47A6-AB1E-E1810BCBBAF1}.Debug|x64.ActiveCfg = Debug|Any CPU
		{8F102BE4-A7C9-47A6-AB1E-E1810BCBBAF1}.Debug|x64.Build.0 = Debug|Any CPU
		{8F102BE4-A7C9-47A6-AB1E-E1810BCBBAF1}.Release|Any CPU.ActiveCfg = Release|Any CPU
		{8F102BE4-A7C9-47A6-AB1E-E1810BCBBAF1}.Release|Any CPU.Build.0 = Release|Any CPU
		{8F102BE4-A7C9-47A6-AB1E-E1810BCBBAF1}.Release|x64.ActiveCfg = Release|Any CPU
		{8F102BE4-A7C9-47A6-AB1E-E1810BCBBAF1}.Release|x64.Build.0 = Release|Any CPU
	EndGlobalSection
	GlobalSection(SolutionProperties) = preSolution
		HideSolutionNode = FALSE
	EndGlobalSection
	GlobalSection(ExtensibilityGlobals) = postSolution
		SolutionGuid = {D8AA5A24-1334-424E-B261-891834323C05}
	EndGlobalSection
EndGlobal
