
Microsoft Visual Studio Solution File, Format Version 12.00
# Visual Studio 15
VisualStudioVersion = 15.0.28010.2036
MinimumVisualStudioVersion = 10.0.40219.1
Project("{9A19103F-16F7-4668-BE54-9A1E7A4F7556}") = "PnET-Succession", "PnET-Succession.csproj", "{17896667-BAB5-4F18-9DDF-8761E06C55E0}"
EndProject
Project("{9A19103F-16F7-4668-BE54-9A1E7A4F7556}") = "Console-Debug", "..\..\Core-Model-v7\Tool-Console\src\Console-Debug.csproj", "{FA68A1C3-3CAE-4E0A-A969-8918971A7B6C}"
EndProject
Project("{9A19103F-16F7-4668-BE54-9A1E7A4F7556}") = "Extension_Admin", "..\..\Core-Model-v7\Tool-Extension-Admin\src\Extension_Admin.csproj", "{832B7139-695B-4E71-81AB-25C196AB0352}"
EndProject
Project("{9A19103F-16F7-4668-BE54-9A1E7A4F7556}") = "library-succession", "..\..\Library-Succession\src\library-succession.csproj", "{C891A0CA-A437-49B6-9F01-E653A7ABA98C}"
EndProject
Project("{9A19103F-16F7-4668-BE54-9A1E7A4F7556}") = "climate-generator", "..\..\Library-Climate\src\climate-generator.csproj", "{511D7354-A665-45EA-BE2C-E7E8B1E86970}"
EndProject
Global
	GlobalSection(SolutionConfigurationPlatforms) = preSolution
		Debug|Any CPU = Debug|Any CPU
		Debug|x64 = Debug|x64
		Release|Any CPU = Release|Any CPU
		Release|x64 = Release|x64
	EndGlobalSection
	GlobalSection(ProjectConfigurationPlatforms) = postSolution
		{17896667-BAB5-4F18-9DDF-8761E06C55E0}.Debug|Any CPU.ActiveCfg = Debug|Any CPU
		{17896667-BAB5-4F18-9DDF-8761E06C55E0}.Debug|Any CPU.Build.0 = Debug|Any CPU
		{17896667-BAB5-4F18-9DDF-8761E06C55E0}.Debug|x64.ActiveCfg = Debug|Any CPU
		{17896667-BAB5-4F18-9DDF-8761E06C55E0}.Debug|x64.Build.0 = Debug|Any CPU
		{17896667-BAB5-4F18-9DDF-8761E06C55E0}.Release|Any CPU.ActiveCfg = Release|Any CPU
		{17896667-BAB5-4F18-9DDF-8761E06C55E0}.Release|Any CPU.Build.0 = Release|Any CPU
		{17896667-BAB5-4F18-9DDF-8761E06C55E0}.Release|x64.ActiveCfg = Release|Any CPU
		{17896667-BAB5-4F18-9DDF-8761E06C55E0}.Release|x64.Build.0 = Release|Any CPU
		{FA68A1C3-3CAE-4E0A-A969-8918971A7B6C}.Debug|Any CPU.ActiveCfg = Debug|Any CPU
		{FA68A1C3-3CAE-4E0A-A969-8918971A7B6C}.Debug|Any CPU.Build.0 = Debug|Any CPU
		{FA68A1C3-3CAE-4E0A-A969-8918971A7B6C}.Debug|x64.ActiveCfg = Debug|x64
		{FA68A1C3-3CAE-4E0A-A969-8918971A7B6C}.Debug|x64.Build.0 = Debug|x64
		{FA68A1C3-3CAE-4E0A-A969-8918971A7B6C}.Release|Any CPU.ActiveCfg = Release|Any CPU
		{FA68A1C3-3CAE-4E0A-A969-8918971A7B6C}.Release|Any CPU.Build.0 = Release|Any CPU
		{FA68A1C3-3CAE-4E0A-A969-8918971A7B6C}.Release|x64.ActiveCfg = Release|x64
		{FA68A1C3-3CAE-4E0A-A969-8918971A7B6C}.Release|x64.Build.0 = Release|x64
		{832B7139-695B-4E71-81AB-25C196AB0352}.Debug|Any CPU.ActiveCfg = Debug|Any CPU
		{832B7139-695B-4E71-81AB-25C196AB0352}.Debug|Any CPU.Build.0 = Debug|Any CPU
		{832B7139-695B-4E71-81AB-25C196AB0352}.Debug|x64.ActiveCfg = Debug|x64
		{832B7139-695B-4E71-81AB-25C196AB0352}.Debug|x64.Build.0 = Debug|x64
		{832B7139-695B-4E71-81AB-25C196AB0352}.Release|Any CPU.ActiveCfg = Release|Any CPU
		{832B7139-695B-4E71-81AB-25C196AB0352}.Release|Any CPU.Build.0 = Release|Any CPU
		{832B7139-695B-4E71-81AB-25C196AB0352}.Release|x64.ActiveCfg = Release|x64
		{832B7139-695B-4E71-81AB-25C196AB0352}.Release|x64.Build.0 = Release|x64
		{C891A0CA-A437-49B6-9F01-E653A7ABA98C}.Debug|Any CPU.ActiveCfg = Debug|Any CPU
		{C891A0CA-A437-49B6-9F01-E653A7ABA98C}.Debug|Any CPU.Build.0 = Debug|Any CPU
		{C891A0CA-A437-49B6-9F01-E653A7ABA98C}.Debug|x64.ActiveCfg = Debug|Any CPU
		{C891A0CA-A437-49B6-9F01-E653A7ABA98C}.Debug|x64.Build.0 = Debug|Any CPU
		{C891A0CA-A437-49B6-9F01-E653A7ABA98C}.Release|Any CPU.ActiveCfg = Release|Any CPU
		{C891A0CA-A437-49B6-9F01-E653A7ABA98C}.Release|Any CPU.Build.0 = Release|Any CPU
		{C891A0CA-A437-49B6-9F01-E653A7ABA98C}.Release|x64.ActiveCfg = Release|Any CPU
		{C891A0CA-A437-49B6-9F01-E653A7ABA98C}.Release|x64.Build.0 = Release|Any CPU
		{511D7354-A665-45EA-BE2C-E7E8B1E86970}.Debug|Any CPU.ActiveCfg = Debug|Any CPU
		{511D7354-A665-45EA-BE2C-E7E8B1E86970}.Debug|Any CPU.Build.0 = Debug|Any CPU
		{511D7354-A665-45EA-BE2C-E7E8B1E86970}.Debug|x64.ActiveCfg = Debug|Any CPU
		{511D7354-A665-45EA-BE2C-E7E8B1E86970}.Debug|x64.Build.0 = Debug|Any CPU
		{511D7354-A665-45EA-BE2C-E7E8B1E86970}.Release|Any CPU.ActiveCfg = Release|Any CPU
		{511D7354-A665-45EA-BE2C-E7E8B1E86970}.Release|Any CPU.Build.0 = Release|Any CPU
		{511D7354-A665-45EA-BE2C-E7E8B1E86970}.Release|x64.ActiveCfg = Release|Any CPU
		{511D7354-A665-45EA-BE2C-E7E8B1E86970}.Release|x64.Build.0 = Release|Any CPU
	EndGlobalSection
	GlobalSection(SolutionProperties) = preSolution
		HideSolutionNode = FALSE
	EndGlobalSection
	GlobalSection(ExtensibilityGlobals) = postSolution
		SolutionGuid = {AC342411-2804-4D4C-8DF8-C71513DF3625}
	EndGlobalSection
EndGlobal
